
Microsoft Visual Studio Solution File, Format Version 11.00
# Visual Studio 2010
Project("{E24C65DC-7377-472B-9ABA-BC803B73C61A}") = "wwwroot", "wwwroot\", "{036750DF-DB19-4831-8CBF-938721172DB9}"
	ProjectSection(WebsiteProperties) = preProject
		TargetFrameworkMoniker = ".NETFramework,Version%3Dv4.0"
		ProjectReferences = "{3F0F291E-6FF0-4580-ADD4-63A107C34FF4}|Common.dll;{4E1D33F7-BE9F-4CBA-94DF-A47A786D5534}|DataLibrary.dll;{53705C01-D554-4539-8B0A-7101BAACB6B3}|DataLibraryBase.dll;{024FE5BB-D66D-48D8-B816-FCD43B23CDD0}|CustomWebControls.dll;"
		Debug.AspNetCompiler.VirtualPath = "/wwwroot"
		Debug.AspNetCompiler.PhysicalPath = "wwwroot\"
		Debug.AspNetCompiler.TargetPath = "PrecompiledWeb\wwwroot\"
		Debug.AspNetCompiler.Updateable = "true"
		Debug.AspNetCompiler.ForceOverwrite = "true"
		Debug.AspNetCompiler.FixedNames = "false"
		Debug.AspNetCompiler.Debug = "True"
		Release.AspNetCompiler.VirtualPath = "/wwwroot"
		Release.AspNetCompiler.PhysicalPath = "wwwroot\"
		Release.AspNetCompiler.TargetPath = "PrecompiledWeb\wwwroot\"
		Release.AspNetCompiler.Updateable = "true"
		Release.AspNetCompiler.ForceOverwrite = "true"
		Release.AspNetCompiler.FixedNames = "false"
		Release.AspNetCompiler.Debug = "False"
		VWDPort = "14299"
		VWDVirtualPath = "/"
	EndProjectSection
EndProject
Project("{FAE04EC0-301F-11D3-BF4B-00C04F79EFBC}") = "DataLibrary", "DataLibrary\DataLibrary.csproj", "{4E1D33F7-BE9F-4CBA-94DF-A47A786D5534}"
EndProject
Project("{FAE04EC0-301F-11D3-BF4B-00C04F79EFBC}") = "Common", "Common\Common.csproj", "{3F0F291E-6FF0-4580-ADD4-63A107C34FF4}"
EndProject
Project("{FAE04EC0-301F-11D3-BF4B-00C04F79EFBC}") = "DataLibraryBase", "DataLibraryBase\DataLibraryBase.csproj", "{53705C01-D554-4539-8B0A-7101BAACB6B3}"
EndProject
Project("{FAE04EC0-301F-11D3-BF4B-00C04F79EFBC}") = "CustomWebControls", "Controls\CustomWebControls\CustomWebControls.csproj", "{024FE5BB-D66D-48D8-B816-FCD43B23CDD0}"
EndProject
Project("{C8D11400-126E-41CD-887F-60BD40844F9E}") = "Database", "Database\Database.dbproj", "{67CBC824-A49E-4E9B-A947-360F3DFE65C3}"
EndProject
Project("{FAE04EC0-301F-11D3-BF4B-00C04F79EFBC}") = "DataModelApplication", "DataModelApplication\DataModelApplication.csproj", "{7F3A8FF8-76C7-4A7B-A362-8A20E788C2E1}"
EndProject
Project("{FAE04EC0-301F-11D3-BF4B-00C04F79EFBC}") = "WebApp", "WebApp\WebApp.csproj", "{3F1B6FFD-B2E1-4BA8-BE12-4F4549CB94F0}"
EndProject
Project("{FAE04EC0-301F-11D3-BF4B-00C04F79EFBC}") = "WebApp.Tests", "WebApp.Tests\WebApp.Tests.csproj", "{F8636C8B-8F46-4ACA-8367-6951AE485DD5}"
EndProject
Global
	GlobalSection(SolutionConfigurationPlatforms) = preSolution
		Debug|Any CPU = Debug|Any CPU
		Release|Any CPU = Release|Any CPU
	EndGlobalSection
	GlobalSection(ProjectConfigurationPlatforms) = postSolution
		{036750DF-DB19-4831-8CBF-938721172DB9}.Debug|Any CPU.ActiveCfg = Debug|Any CPU
		{036750DF-DB19-4831-8CBF-938721172DB9}.Debug|Any CPU.Build.0 = Debug|Any CPU
		{036750DF-DB19-4831-8CBF-938721172DB9}.Release|Any CPU.ActiveCfg = Debug|Any CPU
		{036750DF-DB19-4831-8CBF-938721172DB9}.Release|Any CPU.Build.0 = Debug|Any CPU
		{4E1D33F7-BE9F-4CBA-94DF-A47A786D5534}.Debug|Any CPU.ActiveCfg = Debug|Any CPU
		{4E1D33F7-BE9F-4CBA-94DF-A47A786D5534}.Debug|Any CPU.Build.0 = Debug|Any CPU
		{4E1D33F7-BE9F-4CBA-94DF-A47A786D5534}.Release|Any CPU.ActiveCfg = Release|Any CPU
		{4E1D33F7-BE9F-4CBA-94DF-A47A786D5534}.Release|Any CPU.Build.0 = Release|Any CPU
		{3F0F291E-6FF0-4580-ADD4-63A107C34FF4}.Debug|Any CPU.ActiveCfg = Debug|Any CPU
		{3F0F291E-6FF0-4580-ADD4-63A107C34FF4}.Debug|Any CPU.Build.0 = Debug|Any CPU
		{3F0F291E-6FF0-4580-ADD4-63A107C34FF4}.Release|Any CPU.ActiveCfg = Release|Any CPU
		{3F0F291E-6FF0-4580-ADD4-63A107C34FF4}.Release|Any CPU.Build.0 = Release|Any CPU
		{53705C01-D554-4539-8B0A-7101BAACB6B3}.Debug|Any CPU.ActiveCfg = Debug|Any CPU
		{53705C01-D554-4539-8B0A-7101BAACB6B3}.Debug|Any CPU.Build.0 = Debug|Any CPU
		{53705C01-D554-4539-8B0A-7101BAACB6B3}.Release|Any CPU.ActiveCfg = Release|Any CPU
		{53705C01-D554-4539-8B0A-7101BAACB6B3}.Release|Any CPU.Build.0 = Release|Any CPU
		{024FE5BB-D66D-48D8-B816-FCD43B23CDD0}.Debug|Any CPU.ActiveCfg = Debug|Any CPU
		{024FE5BB-D66D-48D8-B816-FCD43B23CDD0}.Debug|Any CPU.Build.0 = Debug|Any CPU
		{024FE5BB-D66D-48D8-B816-FCD43B23CDD0}.Release|Any CPU.ActiveCfg = Release|Any CPU
		{024FE5BB-D66D-48D8-B816-FCD43B23CDD0}.Release|Any CPU.Build.0 = Release|Any CPU
		{67CBC824-A49E-4E9B-A947-360F3DFE65C3}.Debug|Any CPU.ActiveCfg = Debug|Any CPU
		{67CBC824-A49E-4E9B-A947-360F3DFE65C3}.Release|Any CPU.ActiveCfg = Release|Any CPU
		{67CBC824-A49E-4E9B-A947-360F3DFE65C3}.Release|Any CPU.Build.0 = Release|Any CPU
		{67CBC824-A49E-4E9B-A947-360F3DFE65C3}.Release|Any CPU.Deploy.0 = Release|Any CPU
		{7F3A8FF8-76C7-4A7B-A362-8A20E788C2E1}.Debug|Any CPU.ActiveCfg = Debug|Any CPU
		{7F3A8FF8-76C7-4A7B-A362-8A20E788C2E1}.Debug|Any CPU.Deploy.0 = Debug|Any CPU
		{7F3A8FF8-76C7-4A7B-A362-8A20E788C2E1}.Release|Any CPU.ActiveCfg = Release|Any CPU
		{7F3A8FF8-76C7-4A7B-A362-8A20E788C2E1}.Release|Any CPU.Build.0 = Release|Any CPU
		{3F1B6FFD-B2E1-4BA8-BE12-4F4549CB94F0}.Debug|Any CPU.ActiveCfg = Debug|Any CPU
		{3F1B6FFD-B2E1-4BA8-BE12-4F4549CB94F0}.Debug|Any CPU.Build.0 = Debug|Any CPU
		{3F1B6FFD-B2E1-4BA8-BE12-4F4549CB94F0}.Release|Any CPU.ActiveCfg = Release|Any CPU
		{3F1B6FFD-B2E1-4BA8-BE12-4F4549CB94F0}.Release|Any CPU.Build.0 = Release|Any CPU
		{F8636C8B-8F46-4ACA-8367-6951AE485DD5}.Debug|Any CPU.ActiveCfg = Debug|Any CPU
		{F8636C8B-8F46-4ACA-8367-6951AE485DD5}.Debug|Any CPU.Build.0 = Debug|Any CPU
		{F8636C8B-8F46-4ACA-8367-6951AE485DD5}.Release|Any CPU.ActiveCfg = Release|Any CPU
		{F8636C8B-8F46-4ACA-8367-6951AE485DD5}.Release|Any CPU.Build.0 = Release|Any CPU
	EndGlobalSection
	GlobalSection(SolutionProperties) = preSolution
		HideSolutionNode = FALSE
	EndGlobalSection
	GlobalSection(ExtensibilityGlobals) = postSolution
		VisualSVNWorkingCopyRoot = .
	EndGlobalSection
EndGlobal
